{
  "originHash" : "04783f255bf0a0fccf86bfd91b8b9112968c76d7a8a642715d9849c09a82773a",
  "pins" : [
    {
      "identity" : "satellitekit",
      "kind" : "remoteSourceControl",
      "location" : "https://github.com/gavineadie/SatelliteKit.git",
      "state" : {
        "revision" : "7922650bed2aa6bc5ece2bb306b5e3a149fe795f",
        "version" : "2.1.0"
      }
    }
  ],
  "version" : 3
}
